
Microsoft Visual Studio Solution File, Format Version 12.00
# Visual Studio Version 17
VisualStudioVersion = 17.10.35013.160
MinimumVisualStudioVersion = 10.0.40219.1
Project("{FAE04EC0-301F-11D3-BF4B-00C04F79EFBC}") = "Demo Advanced C#02", "Demo Advanced C#02\Demo Advanced C#02.csproj", "{FF8E8DD2-9835-4447-845D-97DE9FD2934E}"
EndProject
Global
	GlobalSection(SolutionConfigurationPlatforms) = preSolution
		Debug|Any CPU = Debug|Any CPU
		Release|Any CPU = Release|Any CPU
	EndGlobalSection
	GlobalSection(ProjectConfigurationPlatforms) = postSolution
		{FF8E8DD2-9835-4447-845D-97DE9FD2934E}.Debug|Any CPU.ActiveCfg = Debug|Any CPU
		{FF8E8DD2-9835-4447-845D-97DE9FD2934E}.Debug|Any CPU.Build.0 = Debug|Any CPU
		{FF8E8DD2-9835-4447-845D-97DE9FD2934E}.Release|Any CPU.ActiveCfg = Release|Any CPU
		{FF8E8DD2-9835-4447-845D-97DE9FD2934E}.Release|Any CPU.Build.0 = Release|Any CPU
	EndGlobalSection
	GlobalSection(SolutionProperties) = preSolution
		HideSolutionNode = FALSE
	EndGlobalSection
	GlobalSection(ExtensibilityGlobals) = postSolution
		SolutionGuid = {12EE61BE-1A82-404B-A6BB-61F33B24AF4C}
	EndGlobalSection
EndGlobal
